
Microsoft Visual Studio Solution File, Format Version 12.00
# Visual Studio Version 17
VisualStudioVersion = 17.10.35122.118
MinimumVisualStudioVersion = 10.0.40219.1
Project("{FAE04EC0-301F-11D3-BF4B-00C04F79EFBC}") = "MonogameAssault", "MonogameAssault\MonogameAssault.csproj", "{B78D784E-AB45-4053-978F-C5FF850D1294}"
EndProject
Global
	GlobalSection(SolutionConfigurationPlatforms) = preSolution
		Debug|Any CPU = Debug|Any CPU
		Release|Any CPU = Release|Any CPU
	EndGlobalSection
	GlobalSection(ProjectConfigurationPlatforms) = postSolution
		{B78D784E-AB45-4053-978F-C5FF850D1294}.Debug|Any CPU.ActiveCfg = Debug|Any CPU
		{B78D784E-AB45-4053-978F-C5FF850D1294}.Debug|Any CPU.Build.0 = Debug|Any CPU
		{B78D784E-AB45-4053-978F-C5FF850D1294}.Release|Any CPU.ActiveCfg = Release|Any CPU
		{B78D784E-AB45-4053-978F-C5FF850D1294}.Release|Any CPU.Build.0 = Release|Any CPU
	EndGlobalSection
	GlobalSection(SolutionProperties) = preSolution
		HideSolutionNode = FALSE
	EndGlobalSection
	GlobalSection(ExtensibilityGlobals) = postSolution
		SolutionGuid = {AE2D24DA-6490-4256-ABAD-41FBCA15777C}
	EndGlobalSection
EndGlobal
